
Microsoft Visual Studio Solution File, Format Version 12.00
# Visual Studio Version 17
VisualStudioVersion = 17.11.35312.102
MinimumVisualStudioVersion = 10.0.40219.1
Project("{2150E333-8FDC-42A3-9474-1A3956D46DE8}") = "src", "src", "{61AE29D2-18DA-4C75-88A9-1CA2699E1CC4}"
EndProject
Project("{2150E333-8FDC-42A3-9474-1A3956D46DE8}") = "Solution Items", "Solution Items", "{FFE2FA5C-A1D1-4001-835D-B2373842EEA0}"
	ProjectSection(SolutionItems) = preProject
		.gitignore = .gitignore
		LICENSE = LICENSE
		README.md = README.md
	EndProjectSection
EndProject
Project("{FAE04EC0-301F-11D3-BF4B-00C04F79EFBC}") = "Cayd.AspNetCore.ExecutionResult", "src\Cayd.AspNetCore.ExecutionResult\Cayd.AspNetCore.ExecutionResult.csproj", "{394614F5-3ED5-446A-8AB0-547EE8656CA7}"
EndProject
Global
	GlobalSection(SolutionConfigurationPlatforms) = preSolution
		Debug|Any CPU = Debug|Any CPU
		Release|Any CPU = Release|Any CPU
	EndGlobalSection
	GlobalSection(ProjectConfigurationPlatforms) = postSolution
		{394614F5-3ED5-446A-8AB0-547EE8656CA7}.Debug|Any CPU.ActiveCfg = Debug|Any CPU
		{394614F5-3ED5-446A-8AB0-547EE8656CA7}.Debug|Any CPU.Build.0 = Debug|Any CPU
		{394614F5-3ED5-446A-8AB0-547EE8656CA7}.Release|Any CPU.ActiveCfg = Release|Any CPU
		{394614F5-3ED5-446A-8AB0-547EE8656CA7}.Release|Any CPU.Build.0 = Release|Any CPU
	EndGlobalSection
	GlobalSection(SolutionProperties) = preSolution
		HideSolutionNode = FALSE
	EndGlobalSection
	GlobalSection(NestedProjects) = preSolution
		{394614F5-3ED5-446A-8AB0-547EE8656CA7} = {61AE29D2-18DA-4C75-88A9-1CA2699E1CC4}
	EndGlobalSection
	GlobalSection(ExtensibilityGlobals) = postSolution
		SolutionGuid = {EB5F35C2-A925-4FBC-8A30-4FDF90E200ED}
	EndGlobalSection
EndGlobal
